
Microsoft Visual Studio Solution File, Format Version 12.00
# Visual Studio Version 16
VisualStudioVersion = 16.0.29123.88
MinimumVisualStudioVersion = 10.0.40219.1
Project("{FAE04EC0-301F-11D3-BF4B-00C04F79EFBC}") = "CentralTelefonica", "CentralTelefonica.csproj", "{BA200C2B-33C7-40FF-B68D-CE7CE96E8CAD}"
EndProject
Project("{FAE04EC0-301F-11D3-BF4B-00C04F79EFBC}") = "CentralitaHerencia", "..\CentralitaHerencia\CentralitaHerencia.csproj", "{EF7EFB7F-581F-46A1-A539-18C41C15EB62}"
EndProject
Global
	GlobalSection(SolutionConfigurationPlatforms) = preSolution
		Debug|Any CPU = Debug|Any CPU
		Release|Any CPU = Release|Any CPU
	EndGlobalSection
	GlobalSection(ProjectConfigurationPlatforms) = postSolution
		{BA200C2B-33C7-40FF-B68D-CE7CE96E8CAD}.Debug|Any CPU.ActiveCfg = Debug|Any CPU
		{BA200C2B-33C7-40FF-B68D-CE7CE96E8CAD}.Debug|Any CPU.Build.0 = Debug|Any CPU
		{BA200C2B-33C7-40FF-B68D-CE7CE96E8CAD}.Release|Any CPU.ActiveCfg = Release|Any CPU
		{BA200C2B-33C7-40FF-B68D-CE7CE96E8CAD}.Release|Any CPU.Build.0 = Release|Any CPU
		{EF7EFB7F-581F-46A1-A539-18C41C15EB62}.Debug|Any CPU.ActiveCfg = Debug|Any CPU
		{EF7EFB7F-581F-46A1-A539-18C41C15EB62}.Debug|Any CPU.Build.0 = Debug|Any CPU
		{EF7EFB7F-581F-46A1-A539-18C41C15EB62}.Release|Any CPU.ActiveCfg = Release|Any CPU
		{EF7EFB7F-581F-46A1-A539-18C41C15EB62}.Release|Any CPU.Build.0 = Release|Any CPU
	EndGlobalSection
	GlobalSection(SolutionProperties) = preSolution
		HideSolutionNode = FALSE
	EndGlobalSection
	GlobalSection(ExtensibilityGlobals) = postSolution
		SolutionGuid = {D7F287A6-6A04-43FE-999E-C18CC533DC60}
	EndGlobalSection
EndGlobal
