
Microsoft Visual Studio Solution File, Format Version 12.00
# Visual Studio Version 16
VisualStudioVersion = 16.0.29509.3
MinimumVisualStudioVersion = 10.0.40219.1
Project("{FAE04EC0-301F-11D3-BF4B-00C04F79EFBC}") = "VistaConsola", "Parcial_2018_05_08\VistaConsola.csproj", "{B0D706EF-1D36-4201-824D-C192B4C3913F}"
EndProject
Project("{FAE04EC0-301F-11D3-BF4B-00C04F79EFBC}") = "Entidades", "Entidades\Entidades.csproj", "{2E51A670-B6FE-44CA-B8C4-307E6C43BF2F}"
EndProject
Project("{FAE04EC0-301F-11D3-BF4B-00C04F79EFBC}") = "VistaForm", "VistaForm\VistaForm.csproj", "{07D7286F-46CE-4A6F-9B27-328683E94D7F}"
EndProject
Global
	GlobalSection(SolutionConfigurationPlatforms) = preSolution
		Debug|Any CPU = Debug|Any CPU
		Release|Any CPU = Release|Any CPU
	EndGlobalSection
	GlobalSection(ProjectConfigurationPlatforms) = postSolution
		{B0D706EF-1D36-4201-824D-C192B4C3913F}.Debug|Any CPU.ActiveCfg = Debug|Any CPU
		{B0D706EF-1D36-4201-824D-C192B4C3913F}.Debug|Any CPU.Build.0 = Debug|Any CPU
		{B0D706EF-1D36-4201-824D-C192B4C3913F}.Release|Any CPU.ActiveCfg = Release|Any CPU
		{B0D706EF-1D36-4201-824D-C192B4C3913F}.Release|Any CPU.Build.0 = Release|Any CPU
		{2E51A670-B6FE-44CA-B8C4-307E6C43BF2F}.Debug|Any CPU.ActiveCfg = Debug|Any CPU
		{2E51A670-B6FE-44CA-B8C4-307E6C43BF2F}.Debug|Any CPU.Build.0 = Debug|Any CPU
		{2E51A670-B6FE-44CA-B8C4-307E6C43BF2F}.Release|Any CPU.ActiveCfg = Release|Any CPU
		{2E51A670-B6FE-44CA-B8C4-307E6C43BF2F}.Release|Any CPU.Build.0 = Release|Any CPU
		{07D7286F-46CE-4A6F-9B27-328683E94D7F}.Debug|Any CPU.ActiveCfg = Debug|Any CPU
		{07D7286F-46CE-4A6F-9B27-328683E94D7F}.Debug|Any CPU.Build.0 = Debug|Any CPU
		{07D7286F-46CE-4A6F-9B27-328683E94D7F}.Release|Any CPU.ActiveCfg = Release|Any CPU
		{07D7286F-46CE-4A6F-9B27-328683E94D7F}.Release|Any CPU.Build.0 = Release|Any CPU
	EndGlobalSection
	GlobalSection(SolutionProperties) = preSolution
		HideSolutionNode = FALSE
	EndGlobalSection
	GlobalSection(ExtensibilityGlobals) = postSolution
		SolutionGuid = {4F59707E-C7F8-44D5-8BAB-5AE2324A1BB4}
	EndGlobalSection
EndGlobal
