
Microsoft Visual Studio Solution File, Format Version 12.00
# Visual Studio Version 16
VisualStudioVersion = 16.0.29509.3
MinimumVisualStudioVersion = 10.0.40219.1
Project("{FAE04EC0-301F-11D3-BF4B-00C04F79EFBC}") = "practicando", "practicando\practicando.csproj", "{74810E98-431F-4527-92AB-7E6F97A6FD37}"
EndProject
Project("{FAE04EC0-301F-11D3-BF4B-00C04F79EFBC}") = "Entidades", "Entidades\Entidades.csproj", "{6499FE58-4771-4041-A221-7E29E63C52A8}"
EndProject
Global
	GlobalSection(SolutionConfigurationPlatforms) = preSolution
		Debug|Any CPU = Debug|Any CPU
		Release|Any CPU = Release|Any CPU
	EndGlobalSection
	GlobalSection(ProjectConfigurationPlatforms) = postSolution
		{74810E98-431F-4527-92AB-7E6F97A6FD37}.Debug|Any CPU.ActiveCfg = Debug|Any CPU
		{74810E98-431F-4527-92AB-7E6F97A6FD37}.Debug|Any CPU.Build.0 = Debug|Any CPU
		{74810E98-431F-4527-92AB-7E6F97A6FD37}.Release|Any CPU.ActiveCfg = Release|Any CPU
		{74810E98-431F-4527-92AB-7E6F97A6FD37}.Release|Any CPU.Build.0 = Release|Any CPU
		{6499FE58-4771-4041-A221-7E29E63C52A8}.Debug|Any CPU.ActiveCfg = Debug|Any CPU
		{6499FE58-4771-4041-A221-7E29E63C52A8}.Debug|Any CPU.Build.0 = Debug|Any CPU
		{6499FE58-4771-4041-A221-7E29E63C52A8}.Release|Any CPU.ActiveCfg = Release|Any CPU
		{6499FE58-4771-4041-A221-7E29E63C52A8}.Release|Any CPU.Build.0 = Release|Any CPU
	EndGlobalSection
	GlobalSection(SolutionProperties) = preSolution
		HideSolutionNode = FALSE
	EndGlobalSection
	GlobalSection(ExtensibilityGlobals) = postSolution
		SolutionGuid = {0E2EAE36-0422-49F9-B3CC-9AA1E96714D1}
	EndGlobalSection
EndGlobal
