
Microsoft Visual Studio Solution File, Format Version 12.00
# Visual Studio 15
VisualStudioVersion = 15.0.27703.2047
MinimumVisualStudioVersion = 10.0.40219.1
Project("{FAE04EC0-301F-11D3-BF4B-00C04F79EFBC}") = "Entidades", "Entidades\Entidades.csproj", "{D2F67D6D-1E55-463E-B196-6394094A761B}"
EndProject
Global
	GlobalSection(SolutionConfigurationPlatforms) = preSolution
		Debug|Any CPU = Debug|Any CPU
		Release|Any CPU = Release|Any CPU
	EndGlobalSection
	GlobalSection(ProjectConfigurationPlatforms) = postSolution
		{D2F67D6D-1E55-463E-B196-6394094A761B}.Debug|Any CPU.ActiveCfg = Debug|Any CPU
		{D2F67D6D-1E55-463E-B196-6394094A761B}.Debug|Any CPU.Build.0 = Debug|Any CPU
		{D2F67D6D-1E55-463E-B196-6394094A761B}.Release|Any CPU.ActiveCfg = Release|Any CPU
		{D2F67D6D-1E55-463E-B196-6394094A761B}.Release|Any CPU.Build.0 = Release|Any CPU
	EndGlobalSection
	GlobalSection(SolutionProperties) = preSolution
		HideSolutionNode = FALSE
	EndGlobalSection
	GlobalSection(ExtensibilityGlobals) = postSolution
		SolutionGuid = {44AEC45D-E010-4D9A-AA9A-B3B72440FB9E}
	EndGlobalSection
EndGlobal
