
Microsoft Visual Studio Solution File, Format Version 12.00
# Visual Studio Version 16
VisualStudioVersion = 16.0.29509.3
MinimumVisualStudioVersion = 10.0.40219.1
Project("{FAE04EC0-301F-11D3-BF4B-00C04F79EFBC}") = "Ejercicio_35", "Ejercicio_35\Ejercicio_35.csproj", "{7B1C0DB5-0056-4C1B-9723-C14678F9AC34}"
EndProject
Project("{FAE04EC0-301F-11D3-BF4B-00C04F79EFBC}") = "Entidades", "Entidades\Entidades.csproj", "{880005A3-47F4-43CB-816F-835CCB667AAD}"
EndProject
Global
	GlobalSection(SolutionConfigurationPlatforms) = preSolution
		Debug|Any CPU = Debug|Any CPU
		Release|Any CPU = Release|Any CPU
	EndGlobalSection
	GlobalSection(ProjectConfigurationPlatforms) = postSolution
		{7B1C0DB5-0056-4C1B-9723-C14678F9AC34}.Debug|Any CPU.ActiveCfg = Debug|Any CPU
		{7B1C0DB5-0056-4C1B-9723-C14678F9AC34}.Debug|Any CPU.Build.0 = Debug|Any CPU
		{7B1C0DB5-0056-4C1B-9723-C14678F9AC34}.Release|Any CPU.ActiveCfg = Release|Any CPU
		{7B1C0DB5-0056-4C1B-9723-C14678F9AC34}.Release|Any CPU.Build.0 = Release|Any CPU
		{880005A3-47F4-43CB-816F-835CCB667AAD}.Debug|Any CPU.ActiveCfg = Debug|Any CPU
		{880005A3-47F4-43CB-816F-835CCB667AAD}.Debug|Any CPU.Build.0 = Debug|Any CPU
		{880005A3-47F4-43CB-816F-835CCB667AAD}.Release|Any CPU.ActiveCfg = Release|Any CPU
		{880005A3-47F4-43CB-816F-835CCB667AAD}.Release|Any CPU.Build.0 = Release|Any CPU
	EndGlobalSection
	GlobalSection(SolutionProperties) = preSolution
		HideSolutionNode = FALSE
	EndGlobalSection
	GlobalSection(ExtensibilityGlobals) = postSolution
		SolutionGuid = {AA4783FC-1688-49F1-93F8-B0ED15CADA26}
	EndGlobalSection
EndGlobal
